
Microsoft Visual Studio Solution File, Format Version 12.00
Project("{FAE04EC0-301F-11D3-BF4B-00C04F79EFBC}") = "Reqtificator", "Reqtificator\Reqtificator.csproj", "{49F48B03-B814-4A02-92FA-81BDB7A8BB4B}"
EndProject
Project("{FAE04EC0-301F-11D3-BF4B-00C04F79EFBC}") = "ReqtificatorTest", "ReqtificatorTest\ReqtificatorTest.csproj", "{8E4955F6-FF96-4204-AC5C-C1FD7176EE86}"
EndProject
Global
	GlobalSection(SolutionConfigurationPlatforms) = preSolution
		Debug|Any CPU = Debug|Any CPU
		Release|Any CPU = Release|Any CPU
	EndGlobalSection
	GlobalSection(ProjectConfigurationPlatforms) = postSolution
		{49F48B03-B814-4A02-92FA-81BDB7A8BB4B}.Debug|Any CPU.ActiveCfg = Debug|Any CPU
		{49F48B03-B814-4A02-92FA-81BDB7A8BB4B}.Debug|Any CPU.Build.0 = Debug|Any CPU
		{49F48B03-B814-4A02-92FA-81BDB7A8BB4B}.Release|Any CPU.ActiveCfg = Release|Any CPU
		{49F48B03-B814-4A02-92FA-81BDB7A8BB4B}.Release|Any CPU.Build.0 = Release|Any CPU
		{8E4955F6-FF96-4204-AC5C-C1FD7176EE86}.Debug|Any CPU.ActiveCfg = Debug|Any CPU
		{8E4955F6-FF96-4204-AC5C-C1FD7176EE86}.Debug|Any CPU.Build.0 = Debug|Any CPU
		{8E4955F6-FF96-4204-AC5C-C1FD7176EE86}.Release|Any CPU.ActiveCfg = Release|Any CPU
		{8E4955F6-FF96-4204-AC5C-C1FD7176EE86}.Release|Any CPU.Build.0 = Release|Any CPU
	EndGlobalSection
EndGlobal
